PODS:
  - CLTypingLabel (0.2.3)
  - GCHelper (0.4.1)

DEPENDENCIES:
  - CLTypingLabel
  - GCHelper

SPEC CHECKSUMS:
  CLTypingLabel: 61393c97cc7498a23754eef8e04a4ea81543d3b1
  GCHelper: 168bb32ef2b045580ccc384cf6be11db5aae8fd8

PODFILE CHECKSUM: bc8f1b1871ae7bf3d4233789d4ec3a881ed581dd

COCOAPODS: 1.1.1
